// !$*UTF8*$!
{
	archiveVersion = 1;
	classes = {
	};
	objectVersion = 51;
	objects = {

/* Begin PBXBuildFile section */
		87F5BEF7478A6CAB72D0FD09 /* Pods_DemoRibsTests.framework in Frameworks */ = {isa = PBXBuildFile; fileRef = 405ACBCD570B04D5C9E726E5 /* Pods_DemoRibsTests.framework */; };
		C2CFB0E5BFA89ABCE7F447B4 /* Pods_DemoRibs.framework in Frameworks */ = {isa = PBXBuildFile; fileRef = F38AF7695FDA93ED387EAB6A /* Pods_DemoRibs.framework */; };
		DA1631B726B8D44D00B28C61 /* AppDelegate.swift in Sources */ = {isa = PBXBuildFile; fileRef = DA1631B626B8D44D00B28C61 /* AppDelegate.swift */; };
		DA1631B926B8D44D00B28C61 /* SceneDelegate.swift in Sources */ = {isa = PBXBuildFile; fileRef = DA1631B826B8D44D00B28C61 /* SceneDelegate.swift */; };
		DA1631BB26B8D44D00B28C61 /* ViewController.swift in Sources */ = {isa = PBXBuildFile; fileRef = DA1631BA26B8D44D00B28C61 /* ViewController.swift */; };
		DA1631C026B8D44F00B28C61 /* Assets.xcassets in Resources */ = {isa = PBXBuildFile; fileRef = DA1631BF26B8D44F00B28C61 /* Assets.xcassets */; };
		DA1631C326B8D44F00B28C61 /* LaunchScreen.storyboard in Resources */ = {isa = PBXBuildFile; fileRef = DA1631C126B8D44F00B28C61 /* LaunchScreen.storyboard */; };
		DA1631CE26B8D44F00B28C61 /* DemoRibsTests.swift in Sources */ = {isa = PBXBuildFile; fileRef = DA1631CD26B8D44F00B28C61 /* DemoRibsTests.swift */; };
		DA1631D926B8D44F00B28C61 /* DemoRibsUITests.swift in Sources */ = {isa = PBXBuildFile; fileRef = DA1631D826B8D44F00B28C61 /* DemoRibsUITests.swift */; };
		DA1631EB26B8D71000B28C61 /* HomeRouter.swift in Sources */ = {isa = PBXBuildFile; fileRef = DA1631E626B8D71000B28C61 /* HomeRouter.swift */; };
		DA1631EC26B8D71000B28C61 /* HomeViewController.swift in Sources */ = {isa = PBXBuildFile; fileRef = DA1631E726B8D71000B28C61 /* HomeViewController.swift */; };
		DA1631ED26B8D71000B28C61 /* HomeBuilder.swift in Sources */ = {isa = PBXBuildFile; fileRef = DA1631E826B8D71000B28C61 /* HomeBuilder.swift */; };
		DA1631EE26B8D71000B28C61 /* HomeInteractor.swift in Sources */ = {isa = PBXBuildFile; fileRef = DA1631E926B8D71000B28C61 /* HomeInteractor.swift */; };
		DA1631EF26B8D71000B28C61 /* HomeViewController.xib in Resources */ = {isa = PBXBuildFile; fileRef = DA1631EA26B8D71000B28C61 /* HomeViewController.xib */; };
		DA1631F226B8D7E800B28C61 /* AppComponent.swift in Sources */ = {isa = PBXBuildFile; fileRef = DA1631F126B8D7E700B28C61 /* AppComponent.swift */; };
		DA1631F726B8D9CC00B28C61 /* RootRouter.swift in Sources */ = {isa = PBXBuildFile; fileRef = DA1631F326B8D9CC00B28C61 /* RootRouter.swift */; };
		DA1631F826B8D9CC00B28C61 /* RootViewController.swift in Sources */ = {isa = PBXBuildFile; fileRef = DA1631F426B8D9CC00B28C61 /* RootViewController.swift */; };
		DA1631F926B8D9CC00B28C61 /* RootBuilder.swift in Sources */ = {isa = PBXBuildFile; fileRef = DA1631F526B8D9CC00B28C61 /* RootBuilder.swift */; };
		DA1631FA26B8D9CC00B28C61 /* RootInteractor.swift in Sources */ = {isa = PBXBuildFile; fileRef = DA1631F626B8D9CC00B28C61 /* RootInteractor.swift */; };
		DA1631FD26B8E24500B28C61 /* RootComponent+Home.swift in Sources */ = {isa = PBXBuildFile; fileRef = DA1631FC26B8E24500B28C61 /* RootComponent+Home.swift */; };
		DA16320326B8E80100B28C61 /* SelectMediaRouter.swift in Sources */ = {isa = PBXBuildFile; fileRef = DA1631FE26B8E80100B28C61 /* SelectMediaRouter.swift */; };
		DA16320426B8E80100B28C61 /* SelectMediaViewController.swift in Sources */ = {isa = PBXBuildFile; fileRef = DA1631FF26B8E80100B28C61 /* SelectMediaViewController.swift */; };
		DA16320526B8E80100B28C61 /* SelectMediaBuilder.swift in Sources */ = {isa = PBXBuildFile; fileRef = DA16320026B8E80100B28C61 /* SelectMediaBuilder.swift */; };
		DA16320626B8E80100B28C61 /* SelectMediaInteractor.swift in Sources */ = {isa = PBXBuildFile; fileRef = DA16320126B8E80100B28C61 /* SelectMediaInteractor.swift */; };
		DA16320726B8E80100B28C61 /* SelectMediaViewController.xib in Resources */ = {isa = PBXBuildFile; fileRef = DA16320226B8E80100B28C61 /* SelectMediaViewController.xib */; };
		DAA4340A26B982A400BDE13B /* ProjectSettingRouter.swift in Sources */ = {isa = PBXBuildFile; fileRef = DAA4340526B982A400BDE13B /* ProjectSettingRouter.swift */; };
		DAA4340B26B982A400BDE13B /* ProjectSettingViewController.swift in Sources */ = {isa = PBXBuildFile; fileRef = DAA4340626B982A400BDE13B /* ProjectSettingViewController.swift */; };
		DAA4340C26B982A400BDE13B /* ProjectSettingBuilder.swift in Sources */ = {isa = PBXBuildFile; fileRef = DAA4340726B982A400BDE13B /* ProjectSettingBuilder.swift */; };
		DAA4340D26B982A400BDE13B /* ProjectSettingInteractor.swift in Sources */ = {isa = PBXBuildFile; fileRef = DAA4340826B982A400BDE13B /* ProjectSettingInteractor.swift */; };
		DAA4340E26B982A400BDE13B /* ProjectSettingViewController.xib in Resources */ = {isa = PBXBuildFile; fileRef = DAA4340926B982A400BDE13B /* ProjectSettingViewController.xib */; };
		DAA4341026B982DE00BDE13B /* Project.swift in Sources */ = {isa = PBXBuildFile; fileRef = DAA4340F26B982DE00BDE13B /* Project.swift */; };
		DAA4341726B996F400BDE13B /* MainEditorRouter.swift in Sources */ = {isa = PBXBuildFile; fileRef = DAA4341226B996F400BDE13B /* MainEditorRouter.swift */; };
		DAA4341826B996F400BDE13B /* MainEditorViewController.swift in Sources */ = {isa = PBXBuildFile; fileRef = DAA4341326B996F400BDE13B /* MainEditorViewController.swift */; };
		DAA4341926B996F400BDE13B /* MainEditorBuilder.swift in Sources */ = {isa = PBXBuildFile; fileRef = DAA4341426B996F400BDE13B /* MainEditorBuilder.swift */; };
		DAA4341A26B996F400BDE13B /* MainEditorInteractor.swift in Sources */ = {isa = PBXBuildFile; fileRef = DAA4341526B996F400BDE13B /* MainEditorInteractor.swift */; };
		DAA4341B26B996F400BDE13B /* MainEditorViewController.xib in Resources */ = {isa = PBXBuildFile; fileRef = DAA4341626B996F400BDE13B /* MainEditorViewController.xib */; };
		EE52E7EB38E4231A9A9E9FF9 /* Pods_DemoRibs_DemoRibsUITests.framework in Frameworks */ = {isa = PBXBuildFile; fileRef = 8A7863F2684863D6B8510617 /* Pods_DemoRibs_DemoRibsUITests.framework */; };
/* End PBXBuildFile section */

/* Begin PBXContainerItemProxy section */
		DA1631CA26B8D44F00B28C61 /* PBXContainerItemProxy */ = {
			isa = PBXContainerItemProxy;
			containerPortal = DA1631AB26B8D44D00B28C61 /* Project object */;
			proxyType = 1;
			remoteGlobalIDString = DA1631B226B8D44D00B28C61;
			remoteInfo = DemoRibs;
		};
		DA1631D526B8D44F00B28C61 /* PBXContainerItemProxy */ = {
			isa = PBXContainerItemProxy;
			containerPortal = DA1631AB26B8D44D00B28C61 /* Project object */;
			proxyType = 1;
			remoteGlobalIDString = DA1631B226B8D44D00B28C61;
			remoteInfo = DemoRibs;
		};
/* End PBXContainerItemProxy section */

/* Begin PBXFileReference section */
		1700A76F9BC34D50C4A317C0 /* Pods-DemoRibs.release.xcconfig */ = {isa = PBXFileReference; includeInIndex = 1; lastKnownFileType = text.xcconfig; name = "Pods-DemoRibs.release.xcconfig"; path = "Target Support Files/Pods-DemoRibs/Pods-DemoRibs.release.xcconfig"; sourceTree = "<group>"; };
		3FC81A5ED6A31E4F765A41C6 /* Pods-DemoRibs.debug.xcconfig */ = {isa = PBXFileReference; includeInIndex = 1; lastKnownFileType = text.xcconfig; name = "Pods-DemoRibs.debug.xcconfig"; path = "Target Support Files/Pods-DemoRibs/Pods-DemoRibs.debug.xcconfig"; sourceTree = "<group>"; };
		405ACBCD570B04D5C9E726E5 /* Pods_DemoRibsTests.framework */ = {isa = PBXFileReference; explicitFileType = wrapper.framework; includeInIndex = 0; path = Pods_DemoRibsTests.framework; sourceTree = BUILT_PRODUCTS_DIR; };
		47A8BC5F10ECD67A3AD1E586 /* Pods-DemoRibsTests.release.xcconfig */ = {isa = PBXFileReference; includeInIndex = 1; lastKnownFileType = text.xcconfig; name = "Pods-DemoRibsTests.release.xcconfig"; path = "Target Support Files/Pods-DemoRibsTests/Pods-DemoRibsTests.release.xcconfig"; sourceTree = "<group>"; };
		4F8C820BAF39B457CF7486FD /* Pods-DemoRibs-DemoRibsUITests.release.xcconfig */ = {isa = PBXFileReference; includeInIndex = 1; lastKnownFileType = text.xcconfig; name = "Pods-DemoRibs-DemoRibsUITests.release.xcconfig"; path = "Target Support Files/Pods-DemoRibs-DemoRibsUITests/Pods-DemoRibs-DemoRibsUITests.release.xcconfig"; sourceTree = "<group>"; };
		79D7753DA99A25AB0B41810E /* Pods-DemoRibs-DemoRibsUITests.debug.xcconfig */ = {isa = PBXFileReference; includeInIndex = 1; lastKnownFileType = text.xcconfig; name = "Pods-DemoRibs-DemoRibsUITests.debug.xcconfig"; path = "Target Support Files/Pods-DemoRibs-DemoRibsUITests/Pods-DemoRibs-DemoRibsUITests.debug.xcconfig"; sourceTree = "<group>"; };
		8A7863F2684863D6B8510617 /* Pods_DemoRibs_DemoRibsUITests.framework */ = {isa = PBXFileReference; explicitFileType = wrapper.framework; includeInIndex = 0; path = Pods_DemoRibs_DemoRibsUITests.framework; sourceTree = BUILT_PRODUCTS_DIR; };
		CFA4EA1B219EAC3F8B8B705A /* Pods-DemoRibsTests.debug.xcconfig */ = {isa = PBXFileReference; includeInIndex = 1; lastKnownFileType = text.xcconfig; name = "Pods-DemoRibsTests.debug.xcconfig"; path = "Target Support Files/Pods-DemoRibsTests/Pods-DemoRibsTests.debug.xcconfig"; sourceTree = "<group>"; };
		DA1631B326B8D44D00B28C61 /* DemoRibs.app */ = {isa = PBXFileReference; explicitFileType = wrapper.application; includeInIndex = 0; path = DemoRibs.app; sourceTree = BUILT_PRODUCTS_DIR; };
		DA1631B626B8D44D00B28C61 /* AppDelegate.swift */ = {isa = PBXFileReference; lastKnownFileType = sourcecode.swift; path = AppDelegate.swift; sourceTree = "<group>"; };
		DA1631B826B8D44D00B28C61 /* SceneDelegate.swift */ = {isa = PBXFileReference; lastKnownFileType = sourcecode.swift; path = SceneDelegate.swift; sourceTree = "<group>"; };
		DA1631BA26B8D44D00B28C61 /* ViewController.swift */ = {isa = PBXFileReference; lastKnownFileType = sourcecode.swift; path = ViewController.swift; sourceTree = "<group>"; };
		DA1631BF26B8D44F00B28C61 /* Assets.xcassets */ = {isa = PBXFileReference; lastKnownFileType = folder.assetcatalog; path = Assets.xcassets; sourceTree = "<group>"; };
		DA1631C226B8D44F00B28C61 /* Base */ = {isa = PBXFileReference; lastKnownFileType = file.storyboard; name = Base; path = Base.lproj/LaunchScreen.storyboard; sourceTree = "<group>"; };
		DA1631C426B8D44F00B28C61 /* Info.plist */ = {isa = PBXFileReference; lastKnownFileType = text.plist.xml; path = Info.plist; sourceTree = "<group>"; };
		DA1631C926B8D44F00B28C61 /* DemoRibsTests.xctest */ = {isa = PBXFileReference; explicitFileType = wrapper.cfbundle; includeInIndex = 0; path = DemoRibsTests.xctest; sourceTree = BUILT_PRODUCTS_DIR; };
		DA1631CD26B8D44F00B28C61 /* DemoRibsTests.swift */ = {isa = PBXFileReference; lastKnownFileType = sourcecode.swift; path = DemoRibsTests.swift; sourceTree = "<group>"; };
		DA1631CF26B8D44F00B28C61 /* Info.plist */ = {isa = PBXFileReference; lastKnownFileType = text.plist.xml; path = Info.plist; sourceTree = "<group>"; };
		DA1631D426B8D44F00B28C61 /* DemoRibsUITests.xctest */ = {isa = PBXFileReference; explicitFileType = wrapper.cfbundle; includeInIndex = 0; path = DemoRibsUITests.xctest; sourceTree = BUILT_PRODUCTS_DIR; };
		DA1631D826B8D44F00B28C61 /* DemoRibsUITests.swift */ = {isa = PBXFileReference; lastKnownFileType = sourcecode.swift; path = DemoRibsUITests.swift; sourceTree = "<group>"; };
		DA1631DA26B8D44F00B28C61 /* Info.plist */ = {isa = PBXFileReference; lastKnownFileType = text.plist.xml; path = Info.plist; sourceTree = "<group>"; };
		DA1631E626B8D71000B28C61 /* HomeRouter.swift */ = {isa = PBXFileReference; lastKnownFileType = sourcecode.swift; path = HomeRouter.swift; sourceTree = "<group>"; };
		DA1631E726B8D71000B28C61 /* HomeViewController.swift */ = {isa = PBXFileReference; lastKnownFileType = sourcecode.swift; path = HomeViewController.swift; sourceTree = "<group>"; };
		DA1631E826B8D71000B28C61 /* HomeBuilder.swift */ = {isa = PBXFileReference; lastKnownFileType = sourcecode.swift; path = HomeBuilder.swift; sourceTree = "<group>"; };
		DA1631E926B8D71000B28C61 /* HomeInteractor.swift */ = {isa = PBXFileReference; lastKnownFileType = sourcecode.swift; path = HomeInteractor.swift; sourceTree = "<group>"; };
		DA1631EA26B8D71000B28C61 /* HomeViewController.xib */ = {isa = PBXFileReference; lastKnownFileType = file.xib; path = HomeViewController.xib; sourceTree = "<group>"; };
		DA1631F126B8D7E700B28C61 /* AppComponent.swift */ = {isa = PBXFileReference; lastKnownFileType = sourcecode.swift; path = AppComponent.swift; sourceTree = "<group>"; };
		DA1631F326B8D9CC00B28C61 /* RootRouter.swift */ = {isa = PBXFileReference; lastKnownFileType = sourcecode.swift; path = RootRouter.swift; sourceTree = "<group>"; };
		DA1631F426B8D9CC00B28C61 /* RootViewController.swift */ = {isa = PBXFileReference; lastKnownFileType = sourcecode.swift; path = RootViewController.swift; sourceTree = "<group>"; };
		DA1631F526B8D9CC00B28C61 /* RootBuilder.swift */ = {isa = PBXFileReference; lastKnownFileType = sourcecode.swift; path = RootBuilder.swift; sourceTree = "<group>"; };
		DA1631F626B8D9CC00B28C61 /* RootInteractor.swift */ = {isa = PBXFileReference; lastKnownFileType = sourcecode.swift; path = RootInteractor.swift; sourceTree = "<group>"; };
		DA1631FC26B8E24500B28C61 /* RootComponent+Home.swift */ = {isa = PBXFileReference; lastKnownFileType = sourcecode.swift; path = "RootComponent+Home.swift"; sourceTree = "<group>"; };
		DA1631FE26B8E80100B28C61 /* SelectMediaRouter.swift */ = {isa = PBXFileReference; lastKnownFileType = sourcecode.swift; path = SelectMediaRouter.swift; sourceTree = "<group>"; };
		DA1631FF26B8E80100B28C61 /* SelectMediaViewController.swift */ = {isa = PBXFileReference; lastKnownFileType = sourcecode.swift; path = SelectMediaViewController.swift; sourceTree = "<group>"; };
		DA16320026B8E80100B28C61 /* SelectMediaBuilder.swift */ = {isa = PBXFileReference; lastKnownFileType = sourcecode.swift; path = SelectMediaBuilder.swift; sourceTree = "<group>"; };
		DA16320126B8E80100B28C61 /* SelectMediaInteractor.swift */ = {isa = PBXFileReference; lastKnownFileType = sourcecode.swift; path = SelectMediaInteractor.swift; sourceTree = "<group>"; };
		DA16320226B8E80100B28C61 /* SelectMediaViewController.xib */ = {isa = PBXFileReference; lastKnownFileType = file.xib; path = SelectMediaViewController.xib; sourceTree = "<group>"; };
		DAA4340526B982A400BDE13B /* ProjectSettingRouter.swift */ = {isa = PBXFileReference; lastKnownFileType = sourcecode.swift; path = ProjectSettingRouter.swift; sourceTree = "<group>"; };
		DAA4340626B982A400BDE13B /* ProjectSettingViewController.swift */ = {isa = PBXFileReference; lastKnownFileType = sourcecode.swift; path = ProjectSettingViewController.swift; sourceTree = "<group>"; };
		DAA4340726B982A400BDE13B /* ProjectSettingBuilder.swift */ = {isa = PBXFileReference; lastKnownFileType = sourcecode.swift; path = ProjectSettingBuilder.swift; sourceTree = "<group>"; };
		DAA4340826B982A400BDE13B /* ProjectSettingInteractor.swift */ = {isa = PBXFileReference; lastKnownFileType = sourcecode.swift; path = ProjectSettingInteractor.swift; sourceTree = "<group>"; };
		DAA4340926B982A400BDE13B /* ProjectSettingViewController.xib */ = {isa = PBXFileReference; lastKnownFileType = file.xib; path = ProjectSettingViewController.xib; sourceTree = "<group>"; };
		DAA4340F26B982DE00BDE13B /* Project.swift */ = {isa = PBXFileReference; lastKnownFileType = sourcecode.swift; path = Project.swift; sourceTree = "<group>"; };
		DAA4341226B996F400BDE13B /* MainEditorRouter.swift */ = {isa = PBXFileReference; lastKnownFileType = sourcecode.swift; path = MainEditorRouter.swift; sourceTree = "<group>"; };
		DAA4341326B996F400BDE13B /* MainEditorViewController.swift */ = {isa = PBXFileReference; lastKnownFileType = sourcecode.swift; path = MainEditorViewController.swift; sourceTree = "<group>"; };
		DAA4341426B996F400BDE13B /* MainEditorBuilder.swift */ = {isa = PBXFileReference; lastKnownFileType = sourcecode.swift; path = MainEditorBuilder.swift; sourceTree = "<group>"; };
		DAA4341526B996F400BDE13B /* MainEditorInteractor.swift */ = {isa = PBXFileReference; lastKnownFileType = sourcecode.swift; path = MainEditorInteractor.swift; sourceTree = "<group>"; };
		DAA4341626B996F400BDE13B /* MainEditorViewController.xib */ = {isa = PBXFileReference; lastKnownFileType = file.xib; path = MainEditorViewController.xib; sourceTree = "<group>"; };
		F38AF7695FDA93ED387EAB6A /* Pods_DemoRibs.framework */ = {isa = PBXFileReference; explicitFileType = wrapper.framework; includeInIndex = 0; path = Pods_DemoRibs.framework; sourceTree = BUILT_PRODUCTS_DIR; };
/* End PBXFileReference section */

/* Begin PBXFrameworksBuildPhase section */
		DA1631B026B8D44D00B28C61 /* Frameworks */ = {
			isa = PBXFrameworksBuildPhase;
			buildActionMask = 2147483647;
			files = (
				C2CFB0E5BFA89ABCE7F447B4 /* Pods_DemoRibs.framework in Frameworks */,
			);
			runOnlyForDeploymentPostprocessing = 0;
		};
		DA1631C626B8D44F00B28C61 /* Frameworks */ = {
			isa = PBXFrameworksBuildPhase;
			buildActionMask = 2147483647;
			files = (
				87F5BEF7478A6CAB72D0FD09 /* Pods_DemoRibsTests.framework in Frameworks */,
			);
			runOnlyForDeploymentPostprocessing = 0;
		};
		DA1631D126B8D44F00B28C61 /* Frameworks */ = {
			isa = PBXFrameworksBuildPhase;
			buildActionMask = 2147483647;
			files = (
				EE52E7EB38E4231A9A9E9FF9 /* Pods_DemoRibs_DemoRibsUITests.framework in Frameworks */,
			);
			runOnlyForDeploymentPostprocessing = 0;
		};
/* End PBXFrameworksBuildPhase section */

/* Begin PBXGroup section */
		2A32427295E66DADD77A10D9 /* Pods */ = {
			isa = PBXGroup;
			children = (
				3FC81A5ED6A31E4F765A41C6 /* Pods-DemoRibs.debug.xcconfig */,
				1700A76F9BC34D50C4A317C0 /* Pods-DemoRibs.release.xcconfig */,
				79D7753DA99A25AB0B41810E /* Pods-DemoRibs-DemoRibsUITests.debug.xcconfig */,
				4F8C820BAF39B457CF7486FD /* Pods-DemoRibs-DemoRibsUITests.release.xcconfig */,
				CFA4EA1B219EAC3F8B8B705A /* Pods-DemoRibsTests.debug.xcconfig */,
				47A8BC5F10ECD67A3AD1E586 /* Pods-DemoRibsTests.release.xcconfig */,
			);
			path = Pods;
			sourceTree = "<group>";
		};
		DA1631AA26B8D44D00B28C61 = {
			isa = PBXGroup;
			children = (
				DA1631B526B8D44D00B28C61 /* DemoRibs */,
				DA1631CC26B8D44F00B28C61 /* DemoRibsTests */,
				DA1631D726B8D44F00B28C61 /* DemoRibsUITests */,
				DA1631B426B8D44D00B28C61 /* Products */,
				2A32427295E66DADD77A10D9 /* Pods */,
				F1586631B2F272C007DE5FD5 /* Frameworks */,
			);
			sourceTree = "<group>";
		};
		DA1631B426B8D44D00B28C61 /* Products */ = {
			isa = PBXGroup;
			children = (
				DA1631B326B8D44D00B28C61 /* DemoRibs.app */,
				DA1631C926B8D44F00B28C61 /* DemoRibsTests.xctest */,
				DA1631D426B8D44F00B28C61 /* DemoRibsUITests.xctest */,
			);
			name = Products;
			sourceTree = "<group>";
		};
		DA1631B526B8D44D00B28C61 /* DemoRibs */ = {
			isa = PBXGroup;
			children = (
				DAA4341126B996EA00BDE13B /* MainEditor */,
				DA1631F126B8D7E700B28C61 /* AppComponent.swift */,
				DA1631B626B8D44D00B28C61 /* AppDelegate.swift */,
				DA1631BF26B8D44F00B28C61 /* Assets.xcassets */,
				DA1631F026B8D77700B28C61 /* Home */,
				DA1631C426B8D44F00B28C61 /* Info.plist */,
				DA1631C126B8D44F00B28C61 /* LaunchScreen.storyboard */,
				DAA4340F26B982DE00BDE13B /* Project.swift */,
				DAA4340426B9829400BDE13B /* ProjectSetting */,
				DA1631FB26B8D9D000B28C61 /* Root */,
				DA1631B826B8D44D00B28C61 /* SceneDelegate.swift */,
				DA16320826B8EDF000B28C61 /* SelectMedia */,
				DA1631BA26B8D44D00B28C61 /* ViewController.swift */,
			);
			path = DemoRibs;
			sourceTree = "<group>";
		};
		DA1631CC26B8D44F00B28C61 /* DemoRibsTests */ = {
			isa = PBXGroup;
			children = (
				DA1631CD26B8D44F00B28C61 /* DemoRibsTests.swift */,
				DA1631CF26B8D44F00B28C61 /* Info.plist */,
			);
			path = DemoRibsTests;
			sourceTree = "<group>";
		};
		DA1631D726B8D44F00B28C61 /* DemoRibsUITests */ = {
			isa = PBXGroup;
			children = (
				DA1631D826B8D44F00B28C61 /* DemoRibsUITests.swift */,
				DA1631DA26B8D44F00B28C61 /* Info.plist */,
			);
			path = DemoRibsUITests;
			sourceTree = "<group>";
		};
		DA1631F026B8D77700B28C61 /* Home */ = {
			isa = PBXGroup;
			children = (
				DA1631E626B8D71000B28C61 /* HomeRouter.swift */,
				DA1631E726B8D71000B28C61 /* HomeViewController.swift */,
				DA1631E826B8D71000B28C61 /* HomeBuilder.swift */,
				DA1631E926B8D71000B28C61 /* HomeInteractor.swift */,
				DA1631EA26B8D71000B28C61 /* HomeViewController.xib */,
			);
			path = Home;
			sourceTree = "<group>";
		};
		DA1631FB26B8D9D000B28C61 /* Root */ = {
			isa = PBXGroup;
			children = (
				DA1631F326B8D9CC00B28C61 /* RootRouter.swift */,
				DA1631F426B8D9CC00B28C61 /* RootViewController.swift */,
				DA1631F526B8D9CC00B28C61 /* RootBuilder.swift */,
				DA1631F626B8D9CC00B28C61 /* RootInteractor.swift */,
				DA1631FC26B8E24500B28C61 /* RootComponent+Home.swift */,
			);
			path = Root;
			sourceTree = "<group>";
		};
		DA16320826B8EDF000B28C61 /* SelectMedia */ = {
			isa = PBXGroup;
			children = (
				DA1631FE26B8E80100B28C61 /* SelectMediaRouter.swift */,
				DA1631FF26B8E80100B28C61 /* SelectMediaViewController.swift */,
				DA16320026B8E80100B28C61 /* SelectMediaBuilder.swift */,
				DA16320126B8E80100B28C61 /* SelectMediaInteractor.swift */,
				DA16320226B8E80100B28C61 /* SelectMediaViewController.xib */,
			);
			path = SelectMedia;
			sourceTree = "<group>";
		};
		DAA4340426B9829400BDE13B /* ProjectSetting */ = {
			isa = PBXGroup;
			children = (
				DAA4340526B982A400BDE13B /* ProjectSettingRouter.swift */,
				DAA4340626B982A400BDE13B /* ProjectSettingViewController.swift */,
				DAA4340726B982A400BDE13B /* ProjectSettingBuilder.swift */,
				DAA4340826B982A400BDE13B /* ProjectSettingInteractor.swift */,
				DAA4340926B982A400BDE13B /* ProjectSettingViewController.xib */,
			);
			path = ProjectSetting;
			sourceTree = "<group>";
		};
		DAA4341126B996EA00BDE13B /* MainEditor */ = {
			isa = PBXGroup;
			children = (
				DAA4341226B996F400BDE13B /* MainEditorRouter.swift */,
				DAA4341326B996F400BDE13B /* MainEditorViewController.swift */,
				DAA4341426B996F400BDE13B /* MainEditorBuilder.swift */,
				DAA4341526B996F400BDE13B /* MainEditorInteractor.swift */,
				DAA4341626B996F400BDE13B /* MainEditorViewController.xib */,
			);
			path = MainEditor;
			sourceTree = "<group>";
		};
		F1586631B2F272C007DE5FD5 /* Frameworks */ = {
			isa = PBXGroup;
			children = (
				F38AF7695FDA93ED387EAB6A /* Pods_DemoRibs.framework */,
				8A7863F2684863D6B8510617 /* Pods_DemoRibs_DemoRibsUITests.framework */,
				405ACBCD570B04D5C9E726E5 /* Pods_DemoRibsTests.framework */,
			);
			name = Frameworks;
			sourceTree = "<group>";
		};
/* End PBXGroup section */

/* Begin PBXNativeTarget section */
		DA1631B226B8D44D00B28C61 /* DemoRibs */ = {
			isa = PBXNativeTarget;
			buildConfigurationList = DA1631DD26B8D44F00B28C61 /* Build configuration list for PBXNativeTarget "DemoRibs" */;
			buildPhases = (
				4E7FFF4A01C89EB9DD0F7466 /* [CP] Check Pods Manifest.lock */,
				DA1631AF26B8D44D00B28C61 /* Sources */,
				DA1631B026B8D44D00B28C61 /* Frameworks */,
				DA1631B126B8D44D00B28C61 /* Resources */,
				B548EEE7DB01C14CEAB11811 /* [CP] Embed Pods Frameworks */,
			);
			buildRules = (
			);
			dependencies = (
			);
			name = DemoRibs;
			productName = DemoRibs;
			productReference = DA1631B326B8D44D00B28C61 /* DemoRibs.app */;
			productType = "com.apple.product-type.application";
		};
		DA1631C826B8D44F00B28C61 /* DemoRibsTests */ = {
			isa = PBXNativeTarget;
			buildConfigurationList = DA1631E026B8D44F00B28C61 /* Build configuration list for PBXNativeTarget "DemoRibsTests" */;
			buildPhases = (
				37EFF7EB76487A618C9C6276 /* [CP] Check Pods Manifest.lock */,
				DA1631C526B8D44F00B28C61 /* Sources */,
				DA1631C626B8D44F00B28C61 /* Frameworks */,
				DA1631C726B8D44F00B28C61 /* Resources */,
			);
			buildRules = (
			);
			dependencies = (
				DA1631CB26B8D44F00B28C61 /* PBXTargetDependency */,
			);
			name = DemoRibsTests;
			productName = DemoRibsTests;
			productReference = DA1631C926B8D44F00B28C61 /* DemoRibsTests.xctest */;
			productType = "com.apple.product-type.bundle.unit-test";
		};
		DA1631D326B8D44F00B28C61 /* DemoRibsUITests */ = {
			isa = PBXNativeTarget;
			buildConfigurationList = DA1631E326B8D44F00B28C61 /* Build configuration list for PBXNativeTarget "DemoRibsUITests" */;
			buildPhases = (
				21B0BE44DBF9B033F2C643AB /* [CP] Check Pods Manifest.lock */,
				DA1631D026B8D44F00B28C61 /* Sources */,
				DA1631D126B8D44F00B28C61 /* Frameworks */,
				DA1631D226B8D44F00B28C61 /* Resources */,
				F92A356EC37D5130ACB5B8F6 /* [CP] Embed Pods Frameworks */,
			);
			buildRules = (
			);
			dependencies = (
				DA1631D626B8D44F00B28C61 /* PBXTargetDependency */,
			);
			name = DemoRibsUITests;
			productName = DemoRibsUITests;
			productReference = DA1631D426B8D44F00B28C61 /* DemoRibsUITests.xctest */;
			productType = "com.apple.product-type.bundle.ui-testing";
		};
/* End PBXNativeTarget section */

/* Begin PBXProject section */
		DA1631AB26B8D44D00B28C61 /* Project object */ = {
			isa = PBXProject;
			attributes = {
				LastSwiftUpdateCheck = 1250;
				LastUpgradeCheck = 1250;
				TargetAttributes = {
					DA1631B226B8D44D00B28C61 = {
						CreatedOnToolsVersion = 12.5;
					};
					DA1631C826B8D44F00B28C61 = {
						CreatedOnToolsVersion = 12.5;
						TestTargetID = DA1631B226B8D44D00B28C61;
					};
					DA1631D326B8D44F00B28C61 = {
						CreatedOnToolsVersion = 12.5;
						TestTargetID = DA1631B226B8D44D00B28C61;
					};
				};
			};
			buildConfigurationList = DA1631AE26B8D44D00B28C61 /* Build configuration list for PBXProject "DemoRibs" */;
			compatibilityVersion = "Xcode 9.3";
			developmentRegion = en;
			hasScannedForEncodings = 0;
			knownRegions = (
				en,
				Base,
			);
			mainGroup = DA1631AA26B8D44D00B28C61;
			productRefGroup = DA1631B426B8D44D00B28C61 /* Products */;
			projectDirPath = "";
			projectRoot = "";
			targets = (
				DA1631B226B8D44D00B28C61 /* DemoRibs */,
				DA1631C826B8D44F00B28C61 /* DemoRibsTests */,
				DA1631D326B8D44F00B28C61 /* DemoRibsUITests */,
			);
		};
/* End PBXProject section */

/* Begin PBXResourcesBuildPhase section */
		DA1631B126B8D44D00B28C61 /* Resources */ = {
			isa = PBXResourcesBuildPhase;
			buildActionMask = 2147483647;
			files = (
				DA1631C326B8D44F00B28C61 /* LaunchScreen.storyboard in Resources */,
				DAA4340E26B982A400BDE13B /* ProjectSettingViewController.xib in Resources */,
				DAA4341B26B996F400BDE13B /* MainEditorViewController.xib in Resources */,
				DA16320726B8E80100B28C61 /* SelectMediaViewController.xib in Resources */,
				DA1631C026B8D44F00B28C61 /* Assets.xcassets in Resources */,
				DA1631EF26B8D71000B28C61 /* HomeViewController.xib in Resources */,
			);
			runOnlyForDeploymentPostprocessing = 0;
		};
		DA1631C726B8D44F00B28C61 /* Resources */ = {
			isa = PBXResourcesBuildPhase;
			buildActionMask = 2147483647;
			files = (
			);
			runOnlyForDeploymentPostprocessing = 0;
		};
		DA1631D226B8D44F00B28C61 /* Resources */ = {
			isa = PBXResourcesBuildPhase;
			buildActionMask = 2147483647;
			files = (
			);
			runOnlyForDeploymentPostprocessing = 0;
		};
/* End PBXResourcesBuildPhase section */

/* Begin PBXShellScriptBuildPhase section */
		21B0BE44DBF9B033F2C643AB /* [CP] Check Pods Manifest.lock */ = {
			isa = PBXShellScriptBuildPhase;
			buildActionMask = 2147483647;
			files = (
			);
			inputFileListPaths = (
			);
			inputPaths = (
				"${PODS_PODFILE_DIR_PATH}/Podfile.lock",
				"${PODS_ROOT}/Manifest.lock",
			);
			name = "[CP] Check Pods Manifest.lock";
			outputFileListPaths = (
			);
			outputPaths = (
				"$(DERIVED_FILE_DIR)/Pods-DemoRibs-DemoRibsUITests-checkManifestLockResult.txt",
			);
			runOnlyForDeploymentPostprocessing = 0;
			shellPath = /bin/sh;
			shellScript = "diff \"${PODS_PODFILE_DIR_PATH}/Podfile.lock\" \"${PODS_ROOT}/Manifest.lock\" > /dev/null\nif [ $? != 0 ] ; then\n    # print error to STDERR\n    echo \"error: The sandbox is not in sync with the Podfile.lock. Run 'pod install' or update your CocoaPods installation.\" >&2\n    exit 1\nfi\n# This output is used by Xcode 'outputs' to avoid re-running this script phase.\necho \"SUCCESS\" > \"${SCRIPT_OUTPUT_FILE_0}\"\n";
			showEnvVarsInLog = 0;
		};
		37EFF7EB76487A618C9C6276 /* [CP] Check Pods Manifest.lock */ = {
			isa = PBXShellScriptBuildPhase;
			buildActionMask = 2147483647;
			files = (
			);
			inputFileListPaths = (
			);
			inputPaths = (
				"${PODS_PODFILE_DIR_PATH}/Podfile.lock",
				"${PODS_ROOT}/Manifest.lock",
			);
			name = "[CP] Check Pods Manifest.lock";
			outputFileListPaths = (
			);
			outputPaths = (
				"$(DERIVED_FILE_DIR)/Pods-DemoRibsTests-checkManifestLockResult.txt",
			);
			runOnlyForDeploymentPostprocessing = 0;
			shellPath = /bin/sh;
			shellScript = "diff \"${PODS_PODFILE_DIR_PATH}/Podfile.lock\" \"${PODS_ROOT}/Manifest.lock\" > /dev/null\nif [ $? != 0 ] ; then\n    # print error to STDERR\n    echo \"error: The sandbox is not in sync with the Podfile.lock. Run 'pod install' or update your CocoaPods installation.\" >&2\n    exit 1\nfi\n# This output is used by Xcode 'outputs' to avoid re-running this script phase.\necho \"SUCCESS\" > \"${SCRIPT_OUTPUT_FILE_0}\"\n";
			showEnvVarsInLog = 0;
		};
		4E7FFF4A01C89EB9DD0F7466 /* [CP] Check Pods Manifest.lock */ = {
			isa = PBXShellScriptBuildPhase;
			buildActionMask = 2147483647;
			files = (
			);
			inputFileListPaths = (
			);
			inputPaths = (
				"${PODS_PODFILE_DIR_PATH}/Podfile.lock",
				"${PODS_ROOT}/Manifest.lock",
			);
			name = "[CP] Check Pods Manifest.lock";
			outputFileListPaths = (
			);
			outputPaths = (
				"$(DERIVED_FILE_DIR)/Pods-DemoRibs-checkManifestLockResult.txt",
			);
			runOnlyForDeploymentPostprocessing = 0;
			shellPath = /bin/sh;
			shellScript = "diff \"${PODS_PODFILE_DIR_PATH}/Podfile.lock\" \"${PODS_ROOT}/Manifest.lock\" > /dev/null\nif [ $? != 0 ] ; then\n    # print error to STDERR\n    echo \"error: The sandbox is not in sync with the Podfile.lock. Run 'pod install' or update your CocoaPods installation.\" >&2\n    exit 1\nfi\n# This output is used by Xcode 'outputs' to avoid re-running this script phase.\necho \"SUCCESS\" > \"${SCRIPT_OUTPUT_FILE_0}\"\n";
			showEnvVarsInLog = 0;
		};
		B548EEE7DB01C14CEAB11811 /* [CP] Embed Pods Frameworks */ = {
			isa = PBXShellScriptBuildPhase;
			buildActionMask = 2147483647;
			files = (
			);
			inputFileListPaths = (
				"${PODS_ROOT}/Target Support Files/Pods-DemoRibs/Pods-DemoRibs-frameworks-${CONFIGURATION}-input-files.xcfilelist",
			);
			name = "[CP] Embed Pods Frameworks";
			outputFileListPaths = (
				"${PODS_ROOT}/Target Support Files/Pods-DemoRibs/Pods-DemoRibs-frameworks-${CONFIGURATION}-output-files.xcfilelist",
			);
			runOnlyForDeploymentPostprocessing = 0;
			shellPath = /bin/sh;
			shellScript = "\"${PODS_ROOT}/Target Support Files/Pods-DemoRibs/Pods-DemoRibs-frameworks.sh\"\n";
			showEnvVarsInLog = 0;
		};
		F92A356EC37D5130ACB5B8F6 /* [CP] Embed Pods Frameworks */ = {
			isa = PBXShellScriptBuildPhase;
			buildActionMask = 2147483647;
			files = (
			);
			inputFileListPaths = (
				"${PODS_ROOT}/Target Support Files/Pods-DemoRibs-DemoRibsUITests/Pods-DemoRibs-DemoRibsUITests-frameworks-${CONFIGURATION}-input-files.xcfilelist",
			);
			name = "[CP] Embed Pods Frameworks";
			outputFileListPaths = (
				"${PODS_ROOT}/Target Support Files/Pods-DemoRibs-DemoRibsUITests/Pods-DemoRibs-DemoRibsUITests-frameworks-${CONFIGURATION}-output-files.xcfilelist",
			);
			runOnlyForDeploymentPostprocessing = 0;
			shellPath = /bin/sh;
			shellScript = "\"${PODS_ROOT}/Target Support Files/Pods-DemoRibs-DemoRibsUITests/Pods-DemoRibs-DemoRibsUITests-frameworks.sh\"\n";
			showEnvVarsInLog = 0;
		};
/* End PBXShellScriptBuildPhase section */

/* Begin PBXSourcesBuildPhase section */
		DA1631AF26B8D44D00B28C61 /* Sources */ = {
			isa = PBXSourcesBuildPhase;
			buildActionMask = 2147483647;
			files = (
				DA1631F926B8D9CC00B28C61 /* RootBuilder.swift in Sources */,
				DAA4340B26B982A400BDE13B /* ProjectSettingViewController.swift in Sources */,
				DA1631F826B8D9CC00B28C61 /* RootViewController.swift in Sources */,
				DAA4340D26B982A400BDE13B /* ProjectSettingInteractor.swift in Sources */,
				DAA4341826B996F400BDE13B /* MainEditorViewController.swift in Sources */,
				DA1631ED26B8D71000B28C61 /* HomeBuilder.swift in Sources */,
				DA1631F226B8D7E800B28C61 /* AppComponent.swift in Sources */,
				DA1631EC26B8D71000B28C61 /* HomeViewController.swift in Sources */,
				DAA4341A26B996F400BDE13B /* MainEditorInteractor.swift in Sources */,
				DAA4341026B982DE00BDE13B /* Project.swift in Sources */,
				DAA4340C26B982A400BDE13B /* ProjectSettingBuilder.swift in Sources */,
				DA16320326B8E80100B28C61 /* SelectMediaRouter.swift in Sources */,
				DA1631BB26B8D44D00B28C61 /* ViewController.swift in Sources */,
				DA1631FA26B8D9CC00B28C61 /* RootInteractor.swift in Sources */,
				DA1631F726B8D9CC00B28C61 /* RootRouter.swift in Sources */,
				DAA4340A26B982A400BDE13B /* ProjectSettingRouter.swift in Sources */,
				DA16320626B8E80100B28C61 /* SelectMediaInteractor.swift in Sources */,
				DAA4341726B996F400BDE13B /* MainEditorRouter.swift in Sources */,
				DAA4341926B996F400BDE13B /* MainEditorBuilder.swift in Sources */,
				DA1631EB26B8D71000B28C61 /* HomeRouter.swift in Sources */,
				DA16320526B8E80100B28C61 /* SelectMediaBuilder.swift in Sources */,
				DA1631B726B8D44D00B28C61 /* AppDelegate.swift in Sources */,
				DA16320426B8E80100B28C61 /* SelectMediaViewController.swift in Sources */,
				DA1631B926B8D44D00B28C61 /* SceneDelegate.swift in Sources */,
				DA1631EE26B8D71000B28C61 /* HomeInteractor.swift in Sources */,
				DA1631FD26B8E24500B28C61 /* RootComponent+Home.swift in Sources */,
			);
			runOnlyForDeploymentPostprocessing = 0;
		};
		DA1631C526B8D44F00B28C61 /* Sources */ = {
			isa = PBXSourcesBuildPhase;
			buildActionMask = 2147483647;
			files = (
				DA1631CE26B8D44F00B28C61 /* DemoRibsTests.swift in Sources */,
			);
			runOnlyForDeploymentPostprocessing = 0;
		};
		DA1631D026B8D44F00B28C61 /* Sources */ = {
			isa = PBXSourcesBuildPhase;
			buildActionMask = 2147483647;
			files = (
				DA1631D926B8D44F00B28C61 /* DemoRibsUITests.swift in Sources */,
			);
			runOnlyForDeploymentPostprocessing = 0;
		};
/* End PBXSourcesBuildPhase section */

/* Begin PBXTargetDependency section */
		DA1631CB26B8D44F00B28C61 /* PBXTargetDependency */ = {
			isa = PBXTargetDependency;
			target = DA1631B226B8D44D00B28C61 /* DemoRibs */;
			targetProxy = DA1631CA26B8D44F00B28C61 /* PBXContainerItemProxy */;
		};
		DA1631D626B8D44F00B28C61 /* PBXTargetDependency */ = {
			isa = PBXTargetDependency;
			target = DA1631B226B8D44D00B28C61 /* DemoRibs */;
			targetProxy = DA1631D526B8D44F00B28C61 /* PBXContainerItemProxy */;
		};
/* End PBXTargetDependency section */

/* Begin PBXVariantGroup section */
		DA1631C126B8D44F00B28C61 /* LaunchScreen.storyboard */ = {
			isa = PBXVariantGroup;
			children = (
				DA1631C226B8D44F00B28C61 /* Base */,
			);
			name = LaunchScreen.storyboard;
			sourceTree = "<group>";
		};
/* End PBXVariantGroup section */

/* Begin XCBuildConfiguration section */
		DA1631DB26B8D44F00B28C61 /* Debug */ = {
			isa = XCBuildConfiguration;
			buildSettings = {
				ALWAYS_SEARCH_USER_PATHS = NO;
				CLANG_ANALYZER_NONNULL = YES;
				CLANG_ANALYZER_NUMBER_OBJECT_CONVERSION = YES_AGGRESSIVE;
				CLANG_CXX_LANGUAGE_STANDARD = "gnu++14";
				CLANG_CXX_LIBRARY = "libc++";
				CLANG_ENABLE_MODULES = YES;
				CLANG_ENABLE_OBJC_ARC = YES;
				CLANG_ENABLE_OBJC_WEAK = YES;
				CLANG_WARN_BLOCK_CAPTURE_AUTORELEASING = YES;
				CLANG_WARN_BOOL_CONVERSION = YES;
				CLANG_WARN_COMMA = YES;
				CLANG_WARN_CONSTANT_CONVERSION = YES;
				CLANG_WARN_DEPRECATED_OBJC_IMPLEMENTATIONS = YES;
				CLANG_WARN_DIRECT_OBJC_ISA_USAGE = YES_ERROR;
				CLANG_WARN_DOCUMENTATION_COMMENTS = YES;
				CLANG_WARN_EMPTY_BODY = YES;
				CLANG_WARN_ENUM_CONVERSION = YES;
				CLANG_WARN_INFINITE_RECURSION = YES;
				CLANG_WARN_INT_CONVERSION = YES;
				CLANG_WARN_NON_LITERAL_NULL_CONVERSION = YES;
				CLANG_WARN_OBJC_IMPLICIT_RETAIN_SELF = YES;
				CLANG_WARN_OBJC_LITERAL_CONVERSION = YES;
				CLANG_WARN_OBJC_ROOT_CLASS = YES_ERROR;
				CLANG_WARN_QUOTED_INCLUDE_IN_FRAMEWORK_HEADER = YES;
				CLANG_WARN_RANGE_LOOP_ANALYSIS = YES;
				CLANG_WARN_STRICT_PROTOTYPES = YES;
				CLANG_WARN_SUSPICIOUS_MOVE = YES;
				CLANG_WARN_UNGUARDED_AVAILABILITY = YES_AGGRESSIVE;
				CLANG_WARN_UNREACHABLE_CODE = YES;
				CLANG_WARN__DUPLICATE_METHOD_MATCH = YES;
				COPY_PHASE_STRIP = NO;
				DEBUG_INFORMATION_FORMAT = dwarf;
				ENABLE_STRICT_OBJC_MSGSEND = YES;
				ENABLE_TESTABILITY = YES;
				GCC_C_LANGUAGE_STANDARD = gnu11;
				GCC_DYNAMIC_NO_PIC = NO;
				GCC_NO_COMMON_BLOCKS = YES;
				GCC_OPTIMIZATION_LEVEL = 0;
				GCC_PREPROCESSOR_DEFINITIONS = (
					"DEBUG=1",
					"$(inherited)",
				);
				GCC_WARN_64_TO_32_BIT_CONVERSION = YES;
				GCC_WARN_ABOUT_RETURN_TYPE = YES_ERROR;
				GCC_WARN_UNDECLARED_SELECTOR = YES;
				GCC_WARN_UNINITIALIZED_AUTOS = YES_AGGRESSIVE;
				GCC_WARN_UNUSED_FUNCTION = YES;
				GCC_WARN_UNUSED_VARIABLE = YES;
				IPHONEOS_DEPLOYMENT_TARGET = 14.5;
				MTL_ENABLE_DEBUG_INFO = INCLUDE_SOURCE;
				MTL_FAST_MATH = YES;
				ONLY_ACTIVE_ARCH = YES;
				SDKROOT = iphoneos;
				SWIFT_ACTIVE_COMPILATION_CONDITIONS = DEBUG;
				SWIFT_OPTIMIZATION_LEVEL = "-Onone";
			};
			name = Debug;
		};
		DA1631DC26B8D44F00B28C61 /* Release */ = {
			isa = XCBuildConfiguration;
			buildSettings = {
				ALWAYS_SEARCH_USER_PATHS = NO;
				CLANG_ANALYZER_NONNULL = YES;
				CLANG_ANALYZER_NUMBER_OBJECT_CONVERSION = YES_AGGRESSIVE;
				CLANG_CXX_LANGUAGE_STANDARD = "gnu++14";
				CLANG_CXX_LIBRARY = "libc++";
				CLANG_ENABLE_MODULES = YES;
				CLANG_ENABLE_OBJC_ARC = YES;
				CLANG_ENABLE_OBJC_WEAK = YES;
				CLANG_WARN_BLOCK_CAPTURE_AUTORELEASING = YES;
				CLANG_WARN_BOOL_CONVERSION = YES;
				CLANG_WARN_COMMA = YES;
				CLANG_WARN_CONSTANT_CONVERSION = YES;
				CLANG_WARN_DEPRECATED_OBJC_IMPLEMENTATIONS = YES;
				CLANG_WARN_DIRECT_OBJC_ISA_USAGE = YES_ERROR;
				CLANG_WARN_DOCUMENTATION_COMMENTS = YES;
				CLANG_WARN_EMPTY_BODY = YES;
				CLANG_WARN_ENUM_CONVERSION = YES;
				CLANG_WARN_INFINITE_RECURSION = YES;
				CLANG_WARN_INT_CONVERSION = YES;
				CLANG_WARN_NON_LITERAL_NULL_CONVERSION = YES;
				CLANG_WARN_OBJC_IMPLICIT_RETAIN_SELF = YES;
				CLANG_WARN_OBJC_LITERAL_CONVERSION = YES;
				CLANG_WARN_OBJC_ROOT_CLASS = YES_ERROR;
				CLANG_WARN_QUOTED_INCLUDE_IN_FRAMEWORK_HEADER = YES;
				CLANG_WARN_RANGE_LOOP_ANALYSIS = YES;
				CLANG_WARN_STRICT_PROTOTYPES = YES;
				CLANG_WARN_SUSPICIOUS_MOVE = YES;
				CLANG_WARN_UNGUARDED_AVAILABILITY = YES_AGGRESSIVE;
				CLANG_WARN_UNREACHABLE_CODE = YES;
				CLANG_WARN__DUPLICATE_METHOD_MATCH = YES;
				COPY_PHASE_STRIP = NO;
				DEBUG_INFORMATION_FORMAT = "dwarf-with-dsym";
				ENABLE_NS_ASSERTIONS = NO;
				ENABLE_STRICT_OBJC_MSGSEND = YES;
				GCC_C_LANGUAGE_STANDARD = gnu11;
				GCC_NO_COMMON_BLOCKS = YES;
				GCC_WARN_64_TO_32_BIT_CONVERSION = YES;
				GCC_WARN_ABOUT_RETURN_TYPE = YES_ERROR;
				GCC_WARN_UNDECLARED_SELECTOR = YES;
				GCC_WARN_UNINITIALIZED_AUTOS = YES_AGGRESSIVE;
				GCC_WARN_UNUSED_FUNCTION = YES;
				GCC_WARN_UNUSED_VARIABLE = YES;
				IPHONEOS_DEPLOYMENT_TARGET = 14.5;
				MTL_ENABLE_DEBUG_INFO = NO;
				MTL_FAST_MATH = YES;
				SDKROOT = iphoneos;
				SWIFT_COMPILATION_MODE = wholemodule;
				SWIFT_OPTIMIZATION_LEVEL = "-O";
				VALIDATE_PRODUCT = YES;
			};
			name = Release;
		};
		DA1631DE26B8D44F00B28C61 /* Debug */ = {
			isa = XCBuildConfiguration;
			baseConfigurationReference = 3FC81A5ED6A31E4F765A41C6 /* Pods-DemoRibs.debug.xcconfig */;
			buildSettings = {
				ASSETCATALOG_COMPILER_APPICON_NAME = AppIcon;
				ASSETCATALOG_COMPILER_GLOBAL_ACCENT_COLOR_NAME = AccentColor;
				CODE_SIGN_STYLE = Automatic;
				INFOPLIST_FILE = DemoRibs/Info.plist;
				LD_RUNPATH_SEARCH_PATHS = (
					"$(inherited)",
					"@executable_path/Frameworks",
				);
				PRODUCT_BUNDLE_IDENTIFIER = com.solar.DemoRibs;
				PRODUCT_NAME = "$(TARGET_NAME)";
				SWIFT_VERSION = 5.0;
				TARGETED_DEVICE_FAMILY = "1,2";
			};
			name = Debug;
		};
		DA1631DF26B8D44F00B28C61 /* Release */ = {
			isa = XCBuildConfiguration;
			baseConfigurationReference = 1700A76F9BC34D50C4A317C0 /* Pods-DemoRibs.release.xcconfig */;
			buildSettings = {
				ASSETCATALOG_COMPILER_APPICON_NAME = AppIcon;
				ASSETCATALOG_COMPILER_GLOBAL_ACCENT_COLOR_NAME = AccentColor;
				CODE_SIGN_STYLE = Automatic;
				INFOPLIST_FILE = DemoRibs/Info.plist;
				LD_RUNPATH_SEARCH_PATHS = (
					"$(inherited)",
					"@executable_path/Frameworks",
				);
				PRODUCT_BUNDLE_IDENTIFIER = com.solar.DemoRibs;
				PRODUCT_NAME = "$(TARGET_NAME)";
				SWIFT_VERSION = 5.0;
				TARGETED_DEVICE_FAMILY = "1,2";
			};
			name = Release;
		};
		DA1631E126B8D44F00B28C61 /* Debug */ = {
			isa = XCBuildConfiguration;
			baseConfigurationReference = CFA4EA1B219EAC3F8B8B705A /* Pods-DemoRibsTests.debug.xcconfig */;
			buildSettings = {
				ALWAYS_EMBED_SWIFT_STANDARD_LIBRARIES = YES;
				BUNDLE_LOADER = "$(TEST_HOST)";
				CODE_SIGN_STYLE = Automatic;
				INFOPLIST_FILE = DemoRibsTests/Info.plist;
				IPHONEOS_DEPLOYMENT_TARGET = 14.5;
				LD_RUNPATH_SEARCH_PATHS = (
					"$(inherited)",
					"@executable_path/Frameworks",
					"@loader_path/Frameworks",
				);
				PRODUCT_BUNDLE_IDENTIFIER = com.solar.DemoRibsTests;
				PRODUCT_NAME = "$(TARGET_NAME)";
				SWIFT_VERSION = 5.0;
				TARGETED_DEVICE_FAMILY = "1,2";
				TEST_HOST = "$(BUILT_PRODUCTS_DIR)/DemoRibs.app/DemoRibs";
			};
			name = Debug;
		};
		DA1631E226B8D44F00B28C61 /* Release */ = {
			isa = XCBuildConfiguration;
			baseConfigurationReference = 47A8BC5F10ECD67A3AD1E586 /* Pods-DemoRibsTests.release.xcconfig */;
			buildSettings = {
				ALWAYS_EMBED_SWIFT_STANDARD_LIBRARIES = YES;
				BUNDLE_LOADER = "$(TEST_HOST)";
				CODE_SIGN_STYLE = Automatic;
				INFOPLIST_FILE = DemoRibsTests/Info.plist;
				IPHONEOS_DEPLOYMENT_TARGET = 14.5;
				LD_RUNPATH_SEARCH_PATHS = (
					"$(inherited)",
					"@executable_path/Frameworks",
					"@loader_path/Frameworks",
				);
				PRODUCT_BUNDLE_IDENTIFIER = com.solar.DemoRibsTests;
				PRODUCT_NAME = "$(TARGET_NAME)";
				SWIFT_VERSION = 5.0;
				TARGETED_DEVICE_FAMILY = "1,2";
				TEST_HOST = "$(BUILT_PRODUCTS_DIR)/DemoRibs.app/DemoRibs";
			};
			name = Release;
		};
		DA1631E426B8D44F00B28C61 /* Debug */ = {
			isa = XCBuildConfiguration;
			baseConfigurationReference = 79D7753DA99A25AB0B41810E /* Pods-DemoRibs-DemoRibsUITests.debug.xcconfig */;
			buildSettings = {
				ALWAYS_EMBED_SWIFT_STANDARD_LIBRARIES = YES;
				CODE_SIGN_STYLE = Automatic;
				INFOPLIST_FILE = DemoRibsUITests/Info.plist;
				LD_RUNPATH_SEARCH_PATHS = (
					"$(inherited)",
					"@executable_path/Frameworks",
					"@loader_path/Frameworks",
				);
				PRODUCT_BUNDLE_IDENTIFIER = com.solar.DemoRibsUITests;
				PRODUCT_NAME = "$(TARGET_NAME)";
				SWIFT_VERSION = 5.0;
				TARGETED_DEVICE_FAMILY = "1,2";
				TEST_TARGET_NAME = DemoRibs;
			};
			name = Debug;
		};
		DA1631E526B8D44F00B28C61 /* Release */ = {
			isa = XCBuildConfiguration;
			baseConfigurationReference = 4F8C820BAF39B457CF7486FD /* Pods-DemoRibs-DemoRibsUITests.release.xcconfig */;
			buildSettings = {
				ALWAYS_EMBED_SWIFT_STANDARD_LIBRARIES = YES;
				CODE_SIGN_STYLE = Automatic;
				INFOPLIST_FILE = DemoRibsUITests/Info.plist;
				LD_RUNPATH_SEARCH_PATHS = (
					"$(inherited)",
					"@executable_path/Frameworks",
					"@loader_path/Frameworks",
				);
				PRODUCT_BUNDLE_IDENTIFIER = com.solar.DemoRibsUITests;
				PRODUCT_NAME = "$(TARGET_NAME)";
				SWIFT_VERSION = 5.0;
				TARGETED_DEVICE_FAMILY = "1,2";
				TEST_TARGET_NAME = DemoRibs;
			};
			name = Release;
		};
/* End XCBuildConfiguration section */

/* Begin XCConfigurationList section */
		DA1631AE26B8D44D00B28C61 /* Build configuration list for PBXProject "DemoRibs" */ = {
			isa = XCConfigurationList;
			buildConfigurations = (
				DA1631DB26B8D44F00B28C61 /* Debug */,
				DA1631DC26B8D44F00B28C61 /* Release */,
			);
			defaultConfigurationIsVisible = 0;
			defaultConfigurationName = Release;
		};
		DA1631DD26B8D44F00B28C61 /* Build configuration list for PBXNativeTarget "DemoRibs" */ = {
			isa = XCConfigurationList;
			buildConfigurations = (
				DA1631DE26B8D44F00B28C61 /* Debug */,
				DA1631DF26B8D44F00B28C61 /* Release */,
			);
			defaultConfigurationIsVisible = 0;
			defaultConfigurationName = Release;
		};
		DA1631E026B8D44F00B28C61 /* Build configuration list for PBXNativeTarget "DemoRibsTests" */ = {
			isa = XCConfigurationList;
			buildConfigurations = (
				DA1631E126B8D44F00B28C61 /* Debug */,
				DA1631E226B8D44F00B28C61 /* Release */,
			);
			defaultConfigurationIsVisible = 0;
			defaultConfigurationName = Release;
		};
		DA1631E326B8D44F00B28C61 /* Build configuration list for PBXNativeTarget "DemoRibsUITests" */ = {
			isa = XCConfigurationList;
			buildConfigurations = (
				DA1631E426B8D44F00B28C61 /* Debug */,
				DA1631E526B8D44F00B28C61 /* Release */,
			);
			defaultConfigurationIsVisible = 0;
			defaultConfigurationName = Release;
		};
/* End XCConfigurationList section */
	};
	rootObject = DA1631AB26B8D44D00B28C61 /* Project object */;
}
